// !$*UTF8*$!
{
	archiveVersion = 1;
	classes = {
	};
	objectVersion = 52;
	objects = {

/* Begin PBXBuildFile section */
		1860F94B2505CD3400441055 /* RegisterViewModel.swift in Sources */ = {isa = PBXBuildFile; fileRef = 1860F94A2505CD3400441055 /* RegisterViewModel.swift */; };
		188CED362505613F0031B076 /* SASCustomAlertView.swift in Sources */ = {isa = PBXBuildFile; fileRef = 188CED352505613F0031B076 /* SASCustomAlertView.swift */; };
		188CED38250561790031B076 /* Constants.swift in Sources */ = {isa = PBXBuildFile; fileRef = 188CED37250561790031B076 /* Constants.swift */; };
		188CED3A250563CD0031B076 /* LoginViewModel.swift in Sources */ = {isa = PBXBuildFile; fileRef = 188CED39250563CD0031B076 /* LoginViewModel.swift */; };
		188CED3D250564340031B076 /* SASKeyboardPack in Frameworks */ = {isa = PBXBuildFile; productRef = 188CED3C250564340031B076 /* SASKeyboardPack */; };
		188CED4225057A450031B076 /* UserModel.swift in Sources */ = {isa = PBXBuildFile; fileRef = 188CED4125057A450031B076 /* UserModel.swift */; };
		188CED4525057F040031B076 /* SASValidatorPack in Frameworks */ = {isa = PBXBuildFile; productRef = 188CED4425057F040031B076 /* SASValidatorPack */; };
		18EE719B25052A6E00F8FA73 /* MainViewController.swift in Sources */ = {isa = PBXBuildFile; fileRef = 18EE719A25052A6E00F8FA73 /* MainViewController.swift */; };
		18EE719F2505339200F8FA73 /* UIViewCustom.swift in Sources */ = {isa = PBXBuildFile; fileRef = 18EE719E2505339200F8FA73 /* UIViewCustom.swift */; };
		18EE71A12505339B00F8FA73 /* UIButtonCustom.swift in Sources */ = {isa = PBXBuildFile; fileRef = 18EE71A02505339B00F8FA73 /* UIButtonCustom.swift */; };
		18EE71A42505459900F8FA73 /* ItemTableViewCell.swift in Sources */ = {isa = PBXBuildFile; fileRef = 18EE71A32505459900F8FA73 /* ItemTableViewCell.swift */; };
		18EE71A6250545B300F8FA73 /* LoginTableViewCell.swift in Sources */ = {isa = PBXBuildFile; fileRef = 18EE71A5250545B300F8FA73 /* LoginTableViewCell.swift */; };
		18EE71A8250545C000F8FA73 /* RegisterTableViewCell.swift in Sources */ = {isa = PBXBuildFile; fileRef = 18EE71A7250545C000F8FA73 /* RegisterTableViewCell.swift */; };
		18EE71AA250545D400F8FA73 /* NSObject+Ext.swift in Sources */ = {isa = PBXBuildFile; fileRef = 18EE71A9250545D400F8FA73 /* NSObject+Ext.swift */; };
		18EE71AC2505465B00F8FA73 /* ListViewModel.swift in Sources */ = {isa = PBXBuildFile; fileRef = 18EE71AB2505465B00F8FA73 /* ListViewModel.swift */; };
		18EE71B22505553500F8FA73 /* UIViewController+Ext.swift in Sources */ = {isa = PBXBuildFile; fileRef = 18EE71B12505553500F8FA73 /* UIViewController+Ext.swift */; };
		18F1828D250528F500264EFC /* AppDelegate.swift in Sources */ = {isa = PBXBuildFile; fileRef = 18F1828C250528F500264EFC /* AppDelegate.swift */; };
		18F1828F250528F500264EFC /* SceneDelegate.swift in Sources */ = {isa = PBXBuildFile; fileRef = 18F1828E250528F500264EFC /* SceneDelegate.swift */; };
		18F18294250528F500264EFC /* Main.storyboard in Resources */ = {isa = PBXBuildFile; fileRef = 18F18292250528F500264EFC /* Main.storyboard */; };
		18F18296250528FB00264EFC /* Assets.xcassets in Resources */ = {isa = PBXBuildFile; fileRef = 18F18295250528FB00264EFC /* Assets.xcassets */; };
		18F18299250528FB00264EFC /* LaunchScreen.storyboard in Resources */ = {isa = PBXBuildFile; fileRef = 18F18297250528FB00264EFC /* LaunchScreen.storyboard */; };
		18F182A4250528FC00264EFC /* FarawlahTests.swift in Sources */ = {isa = PBXBuildFile; fileRef = 18F182A3250528FC00264EFC /* FarawlahTests.swift */; };
		18F182AF250528FC00264EFC /* FarawlahUITests.swift in Sources */ = {isa = PBXBuildFile; fileRef = 18F182AE250528FC00264EFC /* FarawlahUITests.swift */; };
		26ADF2A35EB4730F668A617D /* Pods_Farawlah.framework in Frameworks */ = {isa = PBXBuildFile; fileRef = 1E8698B59436C138DC934A99 /* Pods_Farawlah.framework */; };
		6AFC2C80AB7F7B1187925B45 /* Pods_FarawlahTests.framework in Frameworks */ = {isa = PBXBuildFile; fileRef = 5BFE5B266DBE1631E9F3F3BE /* Pods_FarawlahTests.framework */; };
		9D45989D25063DC800F94F1E /* UIButton+Ext.swift in Sources */ = {isa = PBXBuildFile; fileRef = 9D45989C25063DC800F94F1E /* UIButton+Ext.swift */; };
		9D6779EE2506030C002EF330 /* UserInfo.json in Resources */ = {isa = PBXBuildFile; fileRef = 9D6779ED2506030C002EF330 /* UserInfo.json */; };
		D0BBD61E37449EBCACC525FA /* Pods_Farawlah_FarawlahUITests.framework in Frameworks */ = {isa = PBXBuildFile; fileRef = FE57CB3301752D706694092E /* Pods_Farawlah_FarawlahUITests.framework */; };
/* End PBXBuildFile section */

/* Begin PBXContainerItemProxy section */
		18F182A0250528FC00264EFC /* PBXContainerItemProxy */ = {
			isa = PBXContainerItemProxy;
			containerPortal = 18F18281250528F500264EFC /* Project object */;
			proxyType = 1;
			remoteGlobalIDString = 18F18288250528F500264EFC;
			remoteInfo = Farawlah;
		};
		18F182AB250528FC00264EFC /* PBXContainerItemProxy */ = {
			isa = PBXContainerItemProxy;
			containerPortal = 18F18281250528F500264EFC /* Project object */;
			proxyType = 1;
			remoteGlobalIDString = 18F18288250528F500264EFC;
			remoteInfo = Farawlah;
		};
/* End PBXContainerItemProxy section */

/* Begin PBXFileReference section */
		1860F94A2505CD3400441055 /* RegisterViewModel.swift */ = {isa = PBXFileReference; lastKnownFileType = sourcecode.swift; path = RegisterViewModel.swift; sourceTree = "<group>"; };
		188CED352505613F0031B076 /* SASCustomAlertView.swift */ = {isa = PBXFileReference; lastKnownFileType = sourcecode.swift; path = SASCustomAlertView.swift; sourceTree = "<group>"; };
		188CED37250561790031B076 /* Constants.swift */ = {isa = PBXFileReference; lastKnownFileType = sourcecode.swift; path = Constants.swift; sourceTree = "<group>"; };
		188CED39250563CD0031B076 /* LoginViewModel.swift */ = {isa = PBXFileReference; lastKnownFileType = sourcecode.swift; path = LoginViewModel.swift; sourceTree = "<group>"; };
		188CED4125057A450031B076 /* UserModel.swift */ = {isa = PBXFileReference; lastKnownFileType = sourcecode.swift; path = UserModel.swift; sourceTree = "<group>"; };
		18EE719A25052A6E00F8FA73 /* MainViewController.swift */ = {isa = PBXFileReference; lastKnownFileType = sourcecode.swift; path = MainViewController.swift; sourceTree = "<group>"; };
		18EE719E2505339200F8FA73 /* UIViewCustom.swift */ = {isa = PBXFileReference; fileEncoding = 4; lastKnownFileType = sourcecode.swift; path = UIViewCustom.swift; sourceTree = "<group>"; };
		18EE71A02505339B00F8FA73 /* UIButtonCustom.swift */ = {isa = PBXFileReference; fileEncoding = 4; lastKnownFileType = sourcecode.swift; path = UIButtonCustom.swift; sourceTree = "<group>"; };
		18EE71A32505459900F8FA73 /* ItemTableViewCell.swift */ = {isa = PBXFileReference; lastKnownFileType = sourcecode.swift; path = ItemTableViewCell.swift; sourceTree = "<group>"; };
		18EE71A5250545B300F8FA73 /* LoginTableViewCell.swift */ = {isa = PBXFileReference; lastKnownFileType = sourcecode.swift; path = LoginTableViewCell.swift; sourceTree = "<group>"; };
		18EE71A7250545C000F8FA73 /* RegisterTableViewCell.swift */ = {isa = PBXFileReference; lastKnownFileType = sourcecode.swift; path = RegisterTableViewCell.swift; sourceTree = "<group>"; };
		18EE71A9250545D400F8FA73 /* NSObject+Ext.swift */ = {isa = PBXFileReference; lastKnownFileType = sourcecode.swift; path = "NSObject+Ext.swift"; sourceTree = "<group>"; };
		18EE71AB2505465B00F8FA73 /* ListViewModel.swift */ = {isa = PBXFileReference; lastKnownFileType = sourcecode.swift; path = ListViewModel.swift; sourceTree = "<group>"; };
		18EE71B12505553500F8FA73 /* UIViewController+Ext.swift */ = {isa = PBXFileReference; lastKnownFileType = sourcecode.swift; path = "UIViewController+Ext.swift"; sourceTree = "<group>"; };
		18F18289250528F500264EFC /* Farawlah.app */ = {isa = PBXFileReference; explicitFileType = wrapper.application; includeInIndex = 0; path = Farawlah.app; sourceTree = BUILT_PRODUCTS_DIR; };
		18F1828C250528F500264EFC /* AppDelegate.swift */ = {isa = PBXFileReference; lastKnownFileType = sourcecode.swift; path = AppDelegate.swift; sourceTree = "<group>"; };
		18F1828E250528F500264EFC /* SceneDelegate.swift */ = {isa = PBXFileReference; lastKnownFileType = sourcecode.swift; path = SceneDelegate.swift; sourceTree = "<group>"; };
		18F18293250528F500264EFC /* Base */ = {isa = PBXFileReference; lastKnownFileType = file.storyboard; name = Base; path = Base.lproj/Main.storyboard; sourceTree = "<group>"; };
		18F18295250528FB00264EFC /* Assets.xcassets */ = {isa = PBXFileReference; lastKnownFileType = folder.assetcatalog; path = Assets.xcassets; sourceTree = "<group>"; };
		18F18298250528FB00264EFC /* Base */ = {isa = PBXFileReference; lastKnownFileType = file.storyboard; name = Base; path = Base.lproj/LaunchScreen.storyboard; sourceTree = "<group>"; };
		18F1829A250528FB00264EFC /* Info.plist */ = {isa = PBXFileReference; lastKnownFileType = text.plist.xml; path = Info.plist; sourceTree = "<group>"; };
		18F1829F250528FC00264EFC /* FarawlahTests.xctest */ = {isa = PBXFileReference; explicitFileType = wrapper.cfbundle; includeInIndex = 0; path = FarawlahTests.xctest; sourceTree = BUILT_PRODUCTS_DIR; };
		18F182A3250528FC00264EFC /* FarawlahTests.swift */ = {isa = PBXFileReference; lastKnownFileType = sourcecode.swift; path = FarawlahTests.swift; sourceTree = "<group>"; };
		18F182A5250528FC00264EFC /* Info.plist */ = {isa = PBXFileReference; lastKnownFileType = text.plist.xml; path = Info.plist; sourceTree = "<group>"; };
		18F182AA250528FC00264EFC /* FarawlahUITests.xctest */ = {isa = PBXFileReference; explicitFileType = wrapper.cfbundle; includeInIndex = 0; path = FarawlahUITests.xctest; sourceTree = BUILT_PRODUCTS_DIR; };
		18F182AE250528FC00264EFC /* FarawlahUITests.swift */ = {isa = PBXFileReference; lastKnownFileType = sourcecode.swift; path = FarawlahUITests.swift; sourceTree = "<group>"; };
		18F182B0250528FC00264EFC /* Info.plist */ = {isa = PBXFileReference; lastKnownFileType = text.plist.xml; path = Info.plist; sourceTree = "<group>"; };
		1E8698B59436C138DC934A99 /* Pods_Farawlah.framework */ = {isa = PBXFileReference; explicitFileType = wrapper.framework; includeInIndex = 0; path = Pods_Farawlah.framework; sourceTree = BUILT_PRODUCTS_DIR; };
		1F4DBE8295B3037B6061FF23 /* Pods-Farawlah-FarawlahUITests.debug.xcconfig */ = {isa = PBXFileReference; includeInIndex = 1; lastKnownFileType = text.xcconfig; name = "Pods-Farawlah-FarawlahUITests.debug.xcconfig"; path = "Target Support Files/Pods-Farawlah-FarawlahUITests/Pods-Farawlah-FarawlahUITests.debug.xcconfig"; sourceTree = "<group>"; };
		5BFE5B266DBE1631E9F3F3BE /* Pods_FarawlahTests.framework */ = {isa = PBXFileReference; explicitFileType = wrapper.framework; includeInIndex = 0; path = Pods_FarawlahTests.framework; sourceTree = BUILT_PRODUCTS_DIR; };
		674B5AF5B2F7F5B182B4BEA6 /* Pods-Farawlah.release.xcconfig */ = {isa = PBXFileReference; includeInIndex = 1; lastKnownFileType = text.xcconfig; name = "Pods-Farawlah.release.xcconfig"; path = "Target Support Files/Pods-Farawlah/Pods-Farawlah.release.xcconfig"; sourceTree = "<group>"; };
		6C7F2D90EA7E33C5C57710A3 /* Pods-Farawlah.debug.xcconfig */ = {isa = PBXFileReference; includeInIndex = 1; lastKnownFileType = text.xcconfig; name = "Pods-Farawlah.debug.xcconfig"; path = "Target Support Files/Pods-Farawlah/Pods-Farawlah.debug.xcconfig"; sourceTree = "<group>"; };
		7E375204D3EA1B8ECA4D12BA /* Pods-FarawlahTests.debug.xcconfig */ = {isa = PBXFileReference; includeInIndex = 1; lastKnownFileType = text.xcconfig; name = "Pods-FarawlahTests.debug.xcconfig"; path = "Target Support Files/Pods-FarawlahTests/Pods-FarawlahTests.debug.xcconfig"; sourceTree = "<group>"; };
		9D45989C25063DC800F94F1E /* UIButton+Ext.swift */ = {isa = PBXFileReference; lastKnownFileType = sourcecode.swift; path = "UIButton+Ext.swift"; sourceTree = "<group>"; };
		9D6779ED2506030C002EF330 /* UserInfo.json */ = {isa = PBXFileReference; lastKnownFileType = text.json; path = UserInfo.json; sourceTree = "<group>"; };
		D3E611F7C800665B9FB10739 /* Pods-Farawlah-FarawlahUITests.release.xcconfig */ = {isa = PBXFileReference; includeInIndex = 1; lastKnownFileType = text.xcconfig; name = "Pods-Farawlah-FarawlahUITests.release.xcconfig"; path = "Target Support Files/Pods-Farawlah-FarawlahUITests/Pods-Farawlah-FarawlahUITests.release.xcconfig"; sourceTree = "<group>"; };
		D7404B8A9B5BB36617FF1FFB /* Pods-FarawlahTests.release.xcconfig */ = {isa = PBXFileReference; includeInIndex = 1; lastKnownFileType = text.xcconfig; name = "Pods-FarawlahTests.release.xcconfig"; path = "Target Support Files/Pods-FarawlahTests/Pods-FarawlahTests.release.xcconfig"; sourceTree = "<group>"; };
		FE57CB3301752D706694092E /* Pods_Farawlah_FarawlahUITests.framework */ = {isa = PBXFileReference; explicitFileType = wrapper.framework; includeInIndex = 0; path = Pods_Farawlah_FarawlahUITests.framework; sourceTree = BUILT_PRODUCTS_DIR; };
/* End PBXFileReference section */

/* Begin PBXFrameworksBuildPhase section */
		18F18286250528F500264EFC /* Frameworks */ = {
			isa = PBXFrameworksBuildPhase;
			buildActionMask = 2147483647;
			files = (
				188CED4525057F040031B076 /* SASValidatorPack in Frameworks */,
				188CED3D250564340031B076 /* SASKeyboardPack in Frameworks */,
				26ADF2A35EB4730F668A617D /* Pods_Farawlah.framework in Frameworks */,
			);
			runOnlyForDeploymentPostprocessing = 0;
		};
		18F1829C250528FC00264EFC /* Frameworks */ = {
			isa = PBXFrameworksBuildPhase;
			buildActionMask = 2147483647;
			files = (
				6AFC2C80AB7F7B1187925B45 /* Pods_FarawlahTests.framework in Frameworks */,
			);
			runOnlyForDeploymentPostprocessing = 0;
		};
		18F182A7250528FC00264EFC /* Frameworks */ = {
			isa = PBXFrameworksBuildPhase;
			buildActionMask = 2147483647;
			files = (
				D0BBD61E37449EBCACC525FA /* Pods_Farawlah_FarawlahUITests.framework in Frameworks */,
			);
			runOnlyForDeploymentPostprocessing = 0;
		};
/* End PBXFrameworksBuildPhase section */

/* Begin PBXGroup section */
		18EE719C25052A8500F8FA73 /* Exts */ = {
			isa = PBXGroup;
			children = (
				188CED352505613F0031B076 /* SASCustomAlertView.swift */,
				18EE71A9250545D400F8FA73 /* NSObject+Ext.swift */,
				18EE71B12505553500F8FA73 /* UIViewController+Ext.swift */,
				188CED37250561790031B076 /* Constants.swift */,
				9D45989C25063DC800F94F1E /* UIButton+Ext.swift */,
			);
			path = Exts;
			sourceTree = "<group>";
		};
		18EE719D25052D9400F8FA73 /* UIViewHelpers */ = {
			isa = PBXGroup;
			children = (
				18EE719E2505339200F8FA73 /* UIViewCustom.swift */,
				18EE71A02505339B00F8FA73 /* UIButtonCustom.swift */,
			);
			path = UIViewHelpers;
			sourceTree = "<group>";
		};
		18EE71A22505457A00F8FA73 /* CellClass */ = {
			isa = PBXGroup;
			children = (
				18EE71A32505459900F8FA73 /* ItemTableViewCell.swift */,
				18EE71A5250545B300F8FA73 /* LoginTableViewCell.swift */,
				18EE71A7250545C000F8FA73 /* RegisterTableViewCell.swift */,
			);
			path = CellClass;
			sourceTree = "<group>";
		};
		18F18280250528F500264EFC = {
			isa = PBXGroup;
			children = (
				18F1828B250528F500264EFC /* Farawlah */,
				18F182A2250528FC00264EFC /* FarawlahTests */,
				18F182AD250528FC00264EFC /* FarawlahUITests */,
				18F1828A250528F500264EFC /* Products */,
				1C546900DB17E869246F88D7 /* Pods */,
				E055F5E47230A0480291068D /* Frameworks */,
			);
			sourceTree = "<group>";
		};
		18F1828A250528F500264EFC /* Products */ = {
			isa = PBXGroup;
			children = (
				18F18289250528F500264EFC /* Farawlah.app */,
				18F1829F250528FC00264EFC /* FarawlahTests.xctest */,
				18F182AA250528FC00264EFC /* FarawlahUITests.xctest */,
			);
			name = Products;
			sourceTree = "<group>";
		};
		18F1828B250528F500264EFC /* Farawlah */ = {
			isa = PBXGroup;
			children = (
				18F1828C250528F500264EFC /* AppDelegate.swift */,
				18F1828E250528F500264EFC /* SceneDelegate.swift */,
				18EE719D25052D9400F8FA73 /* UIViewHelpers */,
				18EE719C25052A8500F8FA73 /* Exts */,
				18F182BC2505298800264EFC /* Model */,
				18F182BD2505299200264EFC /* View */,
				18F182BE2505299C00264EFC /* ViewModel */,
				9D6779EC250602E7002EF330 /* Resources */,
				18F1829A250528FB00264EFC /* Info.plist */,
			);
			path = Farawlah;
			sourceTree = "<group>";
		};
		18F182A2250528FC00264EFC /* FarawlahTests */ = {
			isa = PBXGroup;
			children = (
				18F182A3250528FC00264EFC /* FarawlahTests.swift */,
				18F182A5250528FC00264EFC /* Info.plist */,
			);
			path = FarawlahTests;
			sourceTree = "<group>";
		};
		18F182AD250528FC00264EFC /* FarawlahUITests */ = {
			isa = PBXGroup;
			children = (
				18F182AE250528FC00264EFC /* FarawlahUITests.swift */,
				18F182B0250528FC00264EFC /* Info.plist */,
			);
			path = FarawlahUITests;
			sourceTree = "<group>";
		};
		18F182BC2505298800264EFC /* Model */ = {
			isa = PBXGroup;
			children = (
				188CED4125057A450031B076 /* UserModel.swift */,
			);
			path = Model;
			sourceTree = "<group>";
		};
		18F182BD2505299200264EFC /* View */ = {
			isa = PBXGroup;
			children = (
				18F18292250528F500264EFC /* Main.storyboard */,
				18F18297250528FB00264EFC /* LaunchScreen.storyboard */,
			);
			path = View;
			sourceTree = "<group>";
		};
		18F182BE2505299C00264EFC /* ViewModel */ = {
			isa = PBXGroup;
			children = (
				18EE71A22505457A00F8FA73 /* CellClass */,
				18F182C0250529D600264EFC /* MainViewController */,
				18EE71AB2505465B00F8FA73 /* ListViewModel.swift */,
				188CED39250563CD0031B076 /* LoginViewModel.swift */,
				1860F94A2505CD3400441055 /* RegisterViewModel.swift */,
			);
			path = ViewModel;
			sourceTree = "<group>";
		};
		18F182C0250529D600264EFC /* MainViewController */ = {
			isa = PBXGroup;
			children = (
				18EE719A25052A6E00F8FA73 /* MainViewController.swift */,
			);
			path = MainViewController;
			sourceTree = "<group>";
		};
		1C546900DB17E869246F88D7 /* Pods */ = {
			isa = PBXGroup;
			children = (
				6C7F2D90EA7E33C5C57710A3 /* Pods-Farawlah.debug.xcconfig */,
				674B5AF5B2F7F5B182B4BEA6 /* Pods-Farawlah.release.xcconfig */,
				1F4DBE8295B3037B6061FF23 /* Pods-Farawlah-FarawlahUITests.debug.xcconfig */,
				D3E611F7C800665B9FB10739 /* Pods-Farawlah-FarawlahUITests.release.xcconfig */,
				7E375204D3EA1B8ECA4D12BA /* Pods-FarawlahTests.debug.xcconfig */,
				D7404B8A9B5BB36617FF1FFB /* Pods-FarawlahTests.release.xcconfig */,
			);
			path = Pods;
			sourceTree = "<group>";
		};
		9D6779EC250602E7002EF330 /* Resources */ = {
			isa = PBXGroup;
			children = (
				18F18295250528FB00264EFC /* Assets.xcassets */,
				9D6779ED2506030C002EF330 /* UserInfo.json */,
			);
			path = Resources;
			sourceTree = "<group>";
		};
		E055F5E47230A0480291068D /* Frameworks */ = {
			isa = PBXGroup;
			children = (
				1E8698B59436C138DC934A99 /* Pods_Farawlah.framework */,
				FE57CB3301752D706694092E /* Pods_Farawlah_FarawlahUITests.framework */,
				5BFE5B266DBE1631E9F3F3BE /* Pods_FarawlahTests.framework */,
			);
			name = Frameworks;
			sourceTree = "<group>";
		};
/* End PBXGroup section */

/* Begin PBXNativeTarget section */
		18F18288250528F500264EFC /* Farawlah */ = {
			isa = PBXNativeTarget;
			buildConfigurationList = 18F182B3250528FC00264EFC /* Build configuration list for PBXNativeTarget "Farawlah" */;
			buildPhases = (
				575F15CE1E2B89E3CB8F7BC6 /* [CP] Check Pods Manifest.lock */,
				18F18285250528F500264EFC /* Sources */,
				18F18286250528F500264EFC /* Frameworks */,
				18F18287250528F500264EFC /* Resources */,
				51E024D352F8B2D8754E2CEB /* [CP] Embed Pods Frameworks */,
			);
			buildRules = (
			);
			dependencies = (
			);
			name = Farawlah;
			packageProductDependencies = (
				188CED3C250564340031B076 /* SASKeyboardPack */,
				188CED4425057F040031B076 /* SASValidatorPack */,
			);
			productName = Farawlah;
			productReference = 18F18289250528F500264EFC /* Farawlah.app */;
			productType = "com.apple.product-type.application";
		};
		18F1829E250528FC00264EFC /* FarawlahTests */ = {
			isa = PBXNativeTarget;
			buildConfigurationList = 18F182B6250528FC00264EFC /* Build configuration list for PBXNativeTarget "FarawlahTests" */;
			buildPhases = (
				617EDEE63837A19549B2A68B /* [CP] Check Pods Manifest.lock */,
				18F1829B250528FC00264EFC /* Sources */,
				18F1829C250528FC00264EFC /* Frameworks */,
				18F1829D250528FC00264EFC /* Resources */,
			);
			buildRules = (
			);
			dependencies = (
				18F182A1250528FC00264EFC /* PBXTargetDependency */,
			);
			name = FarawlahTests;
			productName = FarawlahTests;
			productReference = 18F1829F250528FC00264EFC /* FarawlahTests.xctest */;
			productType = "com.apple.product-type.bundle.unit-test";
		};
		18F182A9250528FC00264EFC /* FarawlahUITests */ = {
			isa = PBXNativeTarget;
			buildConfigurationList = 18F182B9250528FC00264EFC /* Build configuration list for PBXNativeTarget "FarawlahUITests" */;
			buildPhases = (
				B896243B6947A363A8119D41 /* [CP] Check Pods Manifest.lock */,
				18F182A6250528FC00264EFC /* Sources */,
				18F182A7250528FC00264EFC /* Frameworks */,
				18F182A8250528FC00264EFC /* Resources */,
				141CA4BFB720E41CEEA12DEA /* [CP] Embed Pods Frameworks */,
			);
			buildRules = (
			);
			dependencies = (
				18F182AC250528FC00264EFC /* PBXTargetDependency */,
			);
			name = FarawlahUITests;
			productName = FarawlahUITests;
			productReference = 18F182AA250528FC00264EFC /* FarawlahUITests.xctest */;
			productType = "com.apple.product-type.bundle.ui-testing";
		};
/* End PBXNativeTarget section */

/* Begin PBXProject section */
		18F18281250528F500264EFC /* Project object */ = {
			isa = PBXProject;
			attributes = {
				LastSwiftUpdateCheck = 1170;
				LastUpgradeCheck = 1170;
				ORGANIZATIONNAME = Tech_Tonic;
				TargetAttributes = {
					18F18288250528F500264EFC = {
						CreatedOnToolsVersion = 11.7;
					};
					18F1829E250528FC00264EFC = {
						CreatedOnToolsVersion = 11.7;
						TestTargetID = 18F18288250528F500264EFC;
					};
					18F182A9250528FC00264EFC = {
						CreatedOnToolsVersion = 11.7;
						TestTargetID = 18F18288250528F500264EFC;
					};
				};
			};
			buildConfigurationList = 18F18284250528F500264EFC /* Build configuration list for PBXProject "Farawlah" */;
			compatibilityVersion = "Xcode 9.3";
			developmentRegion = en;
			hasScannedForEncodings = 0;
			knownRegions = (
				en,
				Base,
			);
			mainGroup = 18F18280250528F500264EFC;
			packageReferences = (
				188CED3B250564340031B076 /* XCRemoteSwiftPackageReference "SASKeyboardPack" */,
				188CED4325057F040031B076 /* XCRemoteSwiftPackageReference "SASValidatorPack" */,
			);
			productRefGroup = 18F1828A250528F500264EFC /* Products */;
			projectDirPath = "";
			projectRoot = "";
			targets = (
				18F18288250528F500264EFC /* Farawlah */,
				18F1829E250528FC00264EFC /* FarawlahTests */,
				18F182A9250528FC00264EFC /* FarawlahUITests */,
			);
		};
/* End PBXProject section */

/* Begin PBXResourcesBuildPhase section */
		18F18287250528F500264EFC /* Resources */ = {
			isa = PBXResourcesBuildPhase;
			buildActionMask = 2147483647;
			files = (
				18F18299250528FB00264EFC /* LaunchScreen.storyboard in Resources */,
				18F18296250528FB00264EFC /* Assets.xcassets in Resources */,
				18F18294250528F500264EFC /* Main.storyboard in Resources */,
				9D6779EE2506030C002EF330 /* UserInfo.json in Resources */,
			);
			runOnlyForDeploymentPostprocessing = 0;
		};
		18F1829D250528FC00264EFC /* Resources */ = {
			isa = PBXResourcesBuildPhase;
			buildActionMask = 2147483647;
			files = (
			);
			runOnlyForDeploymentPostprocessing = 0;
		};
		18F182A8250528FC00264EFC /* Resources */ = {
			isa = PBXResourcesBuildPhase;
			buildActionMask = 2147483647;
			files = (
			);
			runOnlyForDeploymentPostprocessing = 0;
		};
/* End PBXResourcesBuildPhase section */

/* Begin PBXShellScriptBuildPhase section */
		141CA4BFB720E41CEEA12DEA /* [CP] Embed Pods Frameworks */ = {
			isa = PBXShellScriptBuildPhase;
			buildActionMask = 2147483647;
			files = (
			);
			inputFileListPaths = (
				"${PODS_ROOT}/Target Support Files/Pods-Farawlah-FarawlahUITests/Pods-Farawlah-FarawlahUITests-frameworks-${CONFIGURATION}-input-files.xcfilelist",
			);
			name = "[CP] Embed Pods Frameworks";
			outputFileListPaths = (
				"${PODS_ROOT}/Target Support Files/Pods-Farawlah-FarawlahUITests/Pods-Farawlah-FarawlahUITests-frameworks-${CONFIGURATION}-output-files.xcfilelist",
			);
			runOnlyForDeploymentPostprocessing = 0;
			shellPath = /bin/sh;
			shellScript = "\"${PODS_ROOT}/Target Support Files/Pods-Farawlah-FarawlahUITests/Pods-Farawlah-FarawlahUITests-frameworks.sh\"\n";
			showEnvVarsInLog = 0;
		};
		51E024D352F8B2D8754E2CEB /* [CP] Embed Pods Frameworks */ = {
			isa = PBXShellScriptBuildPhase;
			buildActionMask = 2147483647;
			files = (
			);
			inputFileListPaths = (
				"${PODS_ROOT}/Target Support Files/Pods-Farawlah/Pods-Farawlah-frameworks-${CONFIGURATION}-input-files.xcfilelist",
			);
			name = "[CP] Embed Pods Frameworks";
			outputFileListPaths = (
				"${PODS_ROOT}/Target Support Files/Pods-Farawlah/Pods-Farawlah-frameworks-${CONFIGURATION}-output-files.xcfilelist",
			);
			runOnlyForDeploymentPostprocessing = 0;
			shellPath = /bin/sh;
			shellScript = "\"${PODS_ROOT}/Target Support Files/Pods-Farawlah/Pods-Farawlah-frameworks.sh\"\n";
			showEnvVarsInLog = 0;
		};
		575F15CE1E2B89E3CB8F7BC6 /* [CP] Check Pods Manifest.lock */ = {
			isa = PBXShellScriptBuildPhase;
			buildActionMask = 2147483647;
			files = (
			);
			inputFileListPaths = (
			);
			inputPaths = (
				"${PODS_PODFILE_DIR_PATH}/Podfile.lock",
				"${PODS_ROOT}/Manifest.lock",
			);
			name = "[CP] Check Pods Manifest.lock";
			outputFileListPaths = (
			);
			outputPaths = (
				"$(DERIVED_FILE_DIR)/Pods-Farawlah-checkManifestLockResult.txt",
			);
			runOnlyForDeploymentPostprocessing = 0;
			shellPath = /bin/sh;
			shellScript = "diff \"${PODS_PODFILE_DIR_PATH}/Podfile.lock\" \"${PODS_ROOT}/Manifest.lock\" > /dev/null\nif [ $? != 0 ] ; then\n    # print error to STDERR\n    echo \"error: The sandbox is not in sync with the Podfile.lock. Run 'pod install' or update your CocoaPods installation.\" >&2\n    exit 1\nfi\n# This output is used by Xcode 'outputs' to avoid re-running this script phase.\necho \"SUCCESS\" > \"${SCRIPT_OUTPUT_FILE_0}\"\n";
			showEnvVarsInLog = 0;
		};
		617EDEE63837A19549B2A68B /* [CP] Check Pods Manifest.lock */ = {
			isa = PBXShellScriptBuildPhase;
			buildActionMask = 2147483647;
			files = (
			);
			inputFileListPaths = (
			);
			inputPaths = (
				"${PODS_PODFILE_DIR_PATH}/Podfile.lock",
				"${PODS_ROOT}/Manifest.lock",
			);
			name = "[CP] Check Pods Manifest.lock";
			outputFileListPaths = (
			);
			outputPaths = (
				"$(DERIVED_FILE_DIR)/Pods-FarawlahTests-checkManifestLockResult.txt",
			);
			runOnlyForDeploymentPostprocessing = 0;
			shellPath = /bin/sh;
			shellScript = "diff \"${PODS_PODFILE_DIR_PATH}/Podfile.lock\" \"${PODS_ROOT}/Manifest.lock\" > /dev/null\nif [ $? != 0 ] ; then\n    # print error to STDERR\n    echo \"error: The sandbox is not in sync with the Podfile.lock. Run 'pod install' or update your CocoaPods installation.\" >&2\n    exit 1\nfi\n# This output is used by Xcode 'outputs' to avoid re-running this script phase.\necho \"SUCCESS\" > \"${SCRIPT_OUTPUT_FILE_0}\"\n";
			showEnvVarsInLog = 0;
		};
		B896243B6947A363A8119D41 /* [CP] Check Pods Manifest.lock */ = {
			isa = PBXShellScriptBuildPhase;
			buildActionMask = 2147483647;
			files = (
			);
			inputFileListPaths = (
			);
			inputPaths = (
				"${PODS_PODFILE_DIR_PATH}/Podfile.lock",
				"${PODS_ROOT}/Manifest.lock",
			);
			name = "[CP] Check Pods Manifest.lock";
			outputFileListPaths = (
			);
			outputPaths = (
				"$(DERIVED_FILE_DIR)/Pods-Farawlah-FarawlahUITests-checkManifestLockResult.txt",
			);
			runOnlyForDeploymentPostprocessing = 0;
			shellPath = /bin/sh;
			shellScript = "diff \"${PODS_PODFILE_DIR_PATH}/Podfile.lock\" \"${PODS_ROOT}/Manifest.lock\" > /dev/null\nif [ $? != 0 ] ; then\n    # print error to STDERR\n    echo \"error: The sandbox is not in sync with the Podfile.lock. Run 'pod install' or update your CocoaPods installation.\" >&2\n    exit 1\nfi\n# This output is used by Xcode 'outputs' to avoid re-running this script phase.\necho \"SUCCESS\" > \"${SCRIPT_OUTPUT_FILE_0}\"\n";
			showEnvVarsInLog = 0;
		};
/* End PBXShellScriptBuildPhase section */

/* Begin PBXSourcesBuildPhase section */
		18F18285250528F500264EFC /* Sources */ = {
			isa = PBXSourcesBuildPhase;
			buildActionMask = 2147483647;
			files = (
				18EE71AC2505465B00F8FA73 /* ListViewModel.swift in Sources */,
				18EE719B25052A6E00F8FA73 /* MainViewController.swift in Sources */,
				18EE71B22505553500F8FA73 /* UIViewController+Ext.swift in Sources */,
				9D45989D25063DC800F94F1E /* UIButton+Ext.swift in Sources */,
				18EE719F2505339200F8FA73 /* UIViewCustom.swift in Sources */,
				18EE71A6250545B300F8FA73 /* LoginTableViewCell.swift in Sources */,
				1860F94B2505CD3400441055 /* RegisterViewModel.swift in Sources */,
				188CED362505613F0031B076 /* SASCustomAlertView.swift in Sources */,
				188CED4225057A450031B076 /* UserModel.swift in Sources */,
				18F1828D250528F500264EFC /* AppDelegate.swift in Sources */,
				188CED3A250563CD0031B076 /* LoginViewModel.swift in Sources */,
				18EE71A12505339B00F8FA73 /* UIButtonCustom.swift in Sources */,
				18EE71A42505459900F8FA73 /* ItemTableViewCell.swift in Sources */,
				18EE71A8250545C000F8FA73 /* RegisterTableViewCell.swift in Sources */,
				188CED38250561790031B076 /* Constants.swift in Sources */,
				18F1828F250528F500264EFC /* SceneDelegate.swift in Sources */,
				18EE71AA250545D400F8FA73 /* NSObject+Ext.swift in Sources */,
			);
			runOnlyForDeploymentPostprocessing = 0;
		};
		18F1829B250528FC00264EFC /* Sources */ = {
			isa = PBXSourcesBuildPhase;
			buildActionMask = 2147483647;
			files = (
				18F182A4250528FC00264EFC /* FarawlahTests.swift in Sources */,
			);
			runOnlyForDeploymentPostprocessing = 0;
		};
		18F182A6250528FC00264EFC /* Sources */ = {
			isa = PBXSourcesBuildPhase;
			buildActionMask = 2147483647;
			files = (
				18F182AF250528FC00264EFC /* FarawlahUITests.swift in Sources */,
			);
			runOnlyForDeploymentPostprocessing = 0;
		};
/* End PBXSourcesBuildPhase section */

/* Begin PBXTargetDependency section */
		18F182A1250528FC00264EFC /* PBXTargetDependency */ = {
			isa = PBXTargetDependency;
			target = 18F18288250528F500264EFC /* Farawlah */;
			targetProxy = 18F182A0250528FC00264EFC /* PBXContainerItemProxy */;
		};
		18F182AC250528FC00264EFC /* PBXTargetDependency */ = {
			isa = PBXTargetDependency;
			target = 18F18288250528F500264EFC /* Farawlah */;
			targetProxy = 18F182AB250528FC00264EFC /* PBXContainerItemProxy */;
		};
/* End PBXTargetDependency section */

/* Begin PBXVariantGroup section */
		18F18292250528F500264EFC /* Main.storyboard */ = {
			isa = PBXVariantGroup;
			children = (
				18F18293250528F500264EFC /* Base */,
			);
			name = Main.storyboard;
			sourceTree = "<group>";
		};
		18F18297250528FB00264EFC /* LaunchScreen.storyboard */ = {
			isa = PBXVariantGroup;
			children = (
				18F18298250528FB00264EFC /* Base */,
			);
			name = LaunchScreen.storyboard;
			sourceTree = "<group>";
		};
/* End PBXVariantGroup section */

/* Begin XCBuildConfiguration section */
		18F182B1250528FC00264EFC /* Debug */ = {
			isa = XCBuildConfiguration;
			buildSettings = {
				ALWAYS_SEARCH_USER_PATHS = NO;
				CLANG_ANALYZER_NONNULL = YES;
				CLANG_ANALYZER_NUMBER_OBJECT_CONVERSION = YES_AGGRESSIVE;
				CLANG_CXX_LANGUAGE_STANDARD = "gnu++14";
				CLANG_CXX_LIBRARY = "libc++";
				CLANG_ENABLE_MODULES = YES;
				CLANG_ENABLE_OBJC_ARC = YES;
				CLANG_ENABLE_OBJC_WEAK = YES;
				CLANG_WARN_BLOCK_CAPTURE_AUTORELEASING = YES;
				CLANG_WARN_BOOL_CONVERSION = YES;
				CLANG_WARN_COMMA = YES;
				CLANG_WARN_CONSTANT_CONVERSION = YES;
				CLANG_WARN_DEPRECATED_OBJC_IMPLEMENTATIONS = YES;
				CLANG_WARN_DIRECT_OBJC_ISA_USAGE = YES_ERROR;
				CLANG_WARN_DOCUMENTATION_COMMENTS = YES;
				CLANG_WARN_EMPTY_BODY = YES;
				CLANG_WARN_ENUM_CONVERSION = YES;
				CLANG_WARN_INFINITE_RECURSION = YES;
				CLANG_WARN_INT_CONVERSION = YES;
				CLANG_WARN_NON_LITERAL_NULL_CONVERSION = YES;
				CLANG_WARN_OBJC_IMPLICIT_RETAIN_SELF = YES;
				CLANG_WARN_OBJC_LITERAL_CONVERSION = YES;
				CLANG_WARN_OBJC_ROOT_CLASS = YES_ERROR;
				CLANG_WARN_RANGE_LOOP_ANALYSIS = YES;
				CLANG_WARN_STRICT_PROTOTYPES = YES;
				CLANG_WARN_SUSPICIOUS_MOVE = YES;
				CLANG_WARN_UNGUARDED_AVAILABILITY = YES_AGGRESSIVE;
				CLANG_WARN_UNREACHABLE_CODE = YES;
				CLANG_WARN__DUPLICATE_METHOD_MATCH = YES;
				COPY_PHASE_STRIP = NO;
				DEBUG_INFORMATION_FORMAT = dwarf;
				ENABLE_STRICT_OBJC_MSGSEND = YES;
				ENABLE_TESTABILITY = YES;
				GCC_C_LANGUAGE_STANDARD = gnu11;
				GCC_DYNAMIC_NO_PIC = NO;
				GCC_NO_COMMON_BLOCKS = YES;
				GCC_OPTIMIZATION_LEVEL = 0;
				GCC_PREPROCESSOR_DEFINITIONS = (
					"DEBUG=1",
					"$(inherited)",
				);
				GCC_WARN_64_TO_32_BIT_CONVERSION = YES;
				GCC_WARN_ABOUT_RETURN_TYPE = YES_ERROR;
				GCC_WARN_UNDECLARED_SELECTOR = YES;
				GCC_WARN_UNINITIALIZED_AUTOS = YES_AGGRESSIVE;
				GCC_WARN_UNUSED_FUNCTION = YES;
				GCC_WARN_UNUSED_VARIABLE = YES;
				IPHONEOS_DEPLOYMENT_TARGET = 13.7;
				MTL_ENABLE_DEBUG_INFO = INCLUDE_SOURCE;
				MTL_FAST_MATH = YES;
				ONLY_ACTIVE_ARCH = YES;
				SDKROOT = iphoneos;
				SWIFT_ACTIVE_COMPILATION_CONDITIONS = DEBUG;
				SWIFT_OPTIMIZATION_LEVEL = "-Onone";
			};
			name = Debug;
		};
		18F182B2250528FC00264EFC /* Release */ = {
			isa = XCBuildConfiguration;
			buildSettings = {
				ALWAYS_SEARCH_USER_PATHS = NO;
				CLANG_ANALYZER_NONNULL = YES;
				CLANG_ANALYZER_NUMBER_OBJECT_CONVERSION = YES_AGGRESSIVE;
				CLANG_CXX_LANGUAGE_STANDARD = "gnu++14";
				CLANG_CXX_LIBRARY = "libc++";
				CLANG_ENABLE_MODULES = YES;
				CLANG_ENABLE_OBJC_ARC = YES;
				CLANG_ENABLE_OBJC_WEAK = YES;
				CLANG_WARN_BLOCK_CAPTURE_AUTORELEASING = YES;
				CLANG_WARN_BOOL_CONVERSION = YES;
				CLANG_WARN_COMMA = YES;
				CLANG_WARN_CONSTANT_CONVERSION = YES;
				CLANG_WARN_DEPRECATED_OBJC_IMPLEMENTATIONS = YES;
				CLANG_WARN_DIRECT_OBJC_ISA_USAGE = YES_ERROR;
				CLANG_WARN_DOCUMENTATION_COMMENTS = YES;
				CLANG_WARN_EMPTY_BODY = YES;
				CLANG_WARN_ENUM_CONVERSION = YES;
				CLANG_WARN_INFINITE_RECURSION = YES;
				CLANG_WARN_INT_CONVERSION = YES;
				CLANG_WARN_NON_LITERAL_NULL_CONVERSION = YES;
				CLANG_WARN_OBJC_IMPLICIT_RETAIN_SELF = YES;
				CLANG_WARN_OBJC_LITERAL_CONVERSION = YES;
				CLANG_WARN_OBJC_ROOT_CLASS = YES_ERROR;
				CLANG_WARN_RANGE_LOOP_ANALYSIS = YES;
				CLANG_WARN_STRICT_PROTOTYPES = YES;
				CLANG_WARN_SUSPICIOUS_MOVE = YES;
				CLANG_WARN_UNGUARDED_AVAILABILITY = YES_AGGRESSIVE;
				CLANG_WARN_UNREACHABLE_CODE = YES;
				CLANG_WARN__DUPLICATE_METHOD_MATCH = YES;
				COPY_PHASE_STRIP = NO;
				DEBUG_INFORMATION_FORMAT = "dwarf-with-dsym";
				ENABLE_NS_ASSERTIONS = NO;
				ENABLE_STRICT_OBJC_MSGSEND = YES;
				GCC_C_LANGUAGE_STANDARD = gnu11;
				GCC_NO_COMMON_BLOCKS = YES;
				GCC_WARN_64_TO_32_BIT_CONVERSION = YES;
				GCC_WARN_ABOUT_RETURN_TYPE = YES_ERROR;
				GCC_WARN_UNDECLARED_SELECTOR = YES;
				GCC_WARN_UNINITIALIZED_AUTOS = YES_AGGRESSIVE;
				GCC_WARN_UNUSED_FUNCTION = YES;
				GCC_WARN_UNUSED_VARIABLE = YES;
				IPHONEOS_DEPLOYMENT_TARGET = 13.7;
				MTL_ENABLE_DEBUG_INFO = NO;
				MTL_FAST_MATH = YES;
				SDKROOT = iphoneos;
				SWIFT_COMPILATION_MODE = wholemodule;
				SWIFT_OPTIMIZATION_LEVEL = "-O";
				VALIDATE_PRODUCT = YES;
			};
			name = Release;
		};
		18F182B4250528FC00264EFC /* Debug */ = {
			isa = XCBuildConfiguration;
			baseConfigurationReference = 6C7F2D90EA7E33C5C57710A3 /* Pods-Farawlah.debug.xcconfig */;
			buildSettings = {
				ASSETCATALOG_COMPILER_APPICON_NAME = AppIcon;
				CODE_SIGN_STYLE = Automatic;
				DEVELOPMENT_TEAM = RDRMVW96A6;
				INFOPLIST_FILE = Farawlah/Info.plist;
				IPHONEOS_DEPLOYMENT_TARGET = 10.0;
				LD_RUNPATH_SEARCH_PATHS = (
					"$(inherited)",
					"@executable_path/Frameworks",
				);
				PRODUCT_BUNDLE_IDENTIFIER = com.TechTonic.Farawlah;
				PRODUCT_NAME = "$(TARGET_NAME)";
				SWIFT_VERSION = 5.0;
				TARGETED_DEVICE_FAMILY = "1,2";
			};
			name = Debug;
		};
		18F182B5250528FC00264EFC /* Release */ = {
			isa = XCBuildConfiguration;
			baseConfigurationReference = 674B5AF5B2F7F5B182B4BEA6 /* Pods-Farawlah.release.xcconfig */;
			buildSettings = {
				ASSETCATALOG_COMPILER_APPICON_NAME = AppIcon;
				CODE_SIGN_STYLE = Automatic;
				DEVELOPMENT_TEAM = RDRMVW96A6;
				INFOPLIST_FILE = Farawlah/Info.plist;
				IPHONEOS_DEPLOYMENT_TARGET = 10.0;
				LD_RUNPATH_SEARCH_PATHS = (
					"$(inherited)",
					"@executable_path/Frameworks",
				);
				PRODUCT_BUNDLE_IDENTIFIER = com.TechTonic.Farawlah;
				PRODUCT_NAME = "$(TARGET_NAME)";
				SWIFT_VERSION = 5.0;
				TARGETED_DEVICE_FAMILY = "1,2";
			};
			name = Release;
		};
		18F182B7250528FC00264EFC /* Debug */ = {
			isa = XCBuildConfiguration;
			baseConfigurationReference = 7E375204D3EA1B8ECA4D12BA /* Pods-FarawlahTests.debug.xcconfig */;
			buildSettings = {
				ALWAYS_EMBED_SWIFT_STANDARD_LIBRARIES = YES;
				BUNDLE_LOADER = "$(TEST_HOST)";
				CODE_SIGN_STYLE = Automatic;
				DEVELOPMENT_TEAM = RDRMVW96A6;
				INFOPLIST_FILE = FarawlahTests/Info.plist;
				IPHONEOS_DEPLOYMENT_TARGET = 13.7;
				LD_RUNPATH_SEARCH_PATHS = (
					"$(inherited)",
					"@executable_path/Frameworks",
					"@loader_path/Frameworks",
				);
				PRODUCT_BUNDLE_IDENTIFIER = com.TechTonic.FarawlahTests;
				PRODUCT_NAME = "$(TARGET_NAME)";
				SWIFT_VERSION = 5.0;
				TARGETED_DEVICE_FAMILY = "1,2";
				TEST_HOST = "$(BUILT_PRODUCTS_DIR)/Farawlah.app/Farawlah";
			};
			name = Debug;
		};
		18F182B8250528FC00264EFC /* Release */ = {
			isa = XCBuildConfiguration;
			baseConfigurationReference = D7404B8A9B5BB36617FF1FFB /* Pods-FarawlahTests.release.xcconfig */;
			buildSettings = {
				ALWAYS_EMBED_SWIFT_STANDARD_LIBRARIES = YES;
				BUNDLE_LOADER = "$(TEST_HOST)";
				CODE_SIGN_STYLE = Automatic;
				DEVELOPMENT_TEAM = RDRMVW96A6;
				INFOPLIST_FILE = FarawlahTests/Info.plist;
				IPHONEOS_DEPLOYMENT_TARGET = 13.7;
				LD_RUNPATH_SEARCH_PATHS = (
					"$(inherited)",
					"@executable_path/Frameworks",
					"@loader_path/Frameworks",
				);
				PRODUCT_BUNDLE_IDENTIFIER = com.TechTonic.FarawlahTests;
				PRODUCT_NAME = "$(TARGET_NAME)";
				SWIFT_VERSION = 5.0;
				TARGETED_DEVICE_FAMILY = "1,2";
				TEST_HOST = "$(BUILT_PRODUCTS_DIR)/Farawlah.app/Farawlah";
			};
			name = Release;
		};
		18F182BA250528FC00264EFC /* Debug */ = {
			isa = XCBuildConfiguration;
			baseConfigurationReference = 1F4DBE8295B3037B6061FF23 /* Pods-Farawlah-FarawlahUITests.debug.xcconfig */;
			buildSettings = {
				ALWAYS_EMBED_SWIFT_STANDARD_LIBRARIES = YES;
				CODE_SIGN_STYLE = Automatic;
				DEVELOPMENT_TEAM = RDRMVW96A6;
				INFOPLIST_FILE = FarawlahUITests/Info.plist;
				LD_RUNPATH_SEARCH_PATHS = (
					"$(inherited)",
					"@executable_path/Frameworks",
					"@loader_path/Frameworks",
				);
				PRODUCT_BUNDLE_IDENTIFIER = com.TechTonic.FarawlahUITests;
				PRODUCT_NAME = "$(TARGET_NAME)";
				SWIFT_VERSION = 5.0;
				TARGETED_DEVICE_FAMILY = "1,2";
				TEST_TARGET_NAME = Farawlah;
			};
			name = Debug;
		};
		18F182BB250528FC00264EFC /* Release */ = {
			isa = XCBuildConfiguration;
			baseConfigurationReference = D3E611F7C800665B9FB10739 /* Pods-Farawlah-FarawlahUITests.release.xcconfig */;
			buildSettings = {
				ALWAYS_EMBED_SWIFT_STANDARD_LIBRARIES = YES;
				CODE_SIGN_STYLE = Automatic;
				DEVELOPMENT_TEAM = RDRMVW96A6;
				INFOPLIST_FILE = FarawlahUITests/Info.plist;
				LD_RUNPATH_SEARCH_PATHS = (
					"$(inherited)",
					"@executable_path/Frameworks",
					"@loader_path/Frameworks",
				);
				PRODUCT_BUNDLE_IDENTIFIER = com.TechTonic.FarawlahUITests;
				PRODUCT_NAME = "$(TARGET_NAME)";
				SWIFT_VERSION = 5.0;
				TARGETED_DEVICE_FAMILY = "1,2";
				TEST_TARGET_NAME = Farawlah;
			};
			name = Release;
		};
/* End XCBuildConfiguration section */

/* Begin XCConfigurationList section */
		18F18284250528F500264EFC /* Build configuration list for PBXProject "Farawlah" */ = {
			isa = XCConfigurationList;
			buildConfigurations = (
				18F182B1250528FC00264EFC /* Debug */,
				18F182B2250528FC00264EFC /* Release */,
			);
			defaultConfigurationIsVisible = 0;
			defaultConfigurationName = Release;
		};
		18F182B3250528FC00264EFC /* Build configuration list for PBXNativeTarget "Farawlah" */ = {
			isa = XCConfigurationList;
			buildConfigurations = (
				18F182B4250528FC00264EFC /* Debug */,
				18F182B5250528FC00264EFC /* Release */,
			);
			defaultConfigurationIsVisible = 0;
			defaultConfigurationName = Release;
		};
		18F182B6250528FC00264EFC /* Build configuration list for PBXNativeTarget "FarawlahTests" */ = {
			isa = XCConfigurationList;
			buildConfigurations = (
				18F182B7250528FC00264EFC /* Debug */,
				18F182B8250528FC00264EFC /* Release */,
			);
			defaultConfigurationIsVisible = 0;
			defaultConfigurationName = Release;
		};
		18F182B9250528FC00264EFC /* Build configuration list for PBXNativeTarget "FarawlahUITests" */ = {
			isa = XCConfigurationList;
			buildConfigurations = (
				18F182BA250528FC00264EFC /* Debug */,
				18F182BB250528FC00264EFC /* Release */,
			);
			defaultConfigurationIsVisible = 0;
			defaultConfigurationName = Release;
		};
/* End XCConfigurationList section */

/* Begin XCRemoteSwiftPackageReference section */
		188CED3B250564340031B076 /* XCRemoteSwiftPackageReference "SASKeyboardPack" */ = {
			isa = XCRemoteSwiftPackageReference;
			repositoryURL = "https://github.com/AnupSukumaran/SASKeyboardPack.git";
			requirement = {
				kind = upToNextMajorVersion;
				minimumVersion = 1.0.3;
			};
		};
		188CED4325057F040031B076 /* XCRemoteSwiftPackageReference "SASValidatorPack" */ = {
			isa = XCRemoteSwiftPackageReference;
			repositoryURL = "https://github.com/AnupSukumaran/SASValidatorPack.git";
			requirement = {
				kind = upToNextMajorVersion;
				minimumVersion = 1.0.7;
			};
		};
/* End XCRemoteSwiftPackageReference section */

/* Begin XCSwiftPackageProductDependency section */
		188CED3C250564340031B076 /* SASKeyboardPack */ = {
			isa = XCSwiftPackageProductDependency;
			package = 188CED3B250564340031B076 /* XCRemoteSwiftPackageReference "SASKeyboardPack" */;
			productName = SASKeyboardPack;
		};
		188CED4425057F040031B076 /* SASValidatorPack */ = {
			isa = XCSwiftPackageProductDependency;
			package = 188CED4325057F040031B076 /* XCRemoteSwiftPackageReference "SASValidatorPack" */;
			productName = SASValidatorPack;
		};
/* End XCSwiftPackageProductDependency section */
	};
	rootObject = 18F18281250528F500264EFC /* Project object */;
}
